
Microsoft Visual Studio Solution File, Format Version 12.00
# Visual Studio 2013
VisualStudioVersion = 12.0.21005.1
MinimumVisualStudioVersion = 10.0.40219.1
Project("{FAE04EC0-301F-11D3-BF4B-00C04F79EFBC}") = "FundPortfolio", "FundPortfolio\FundPortfolio.csproj", "{34DFABD0-61ED-4A5A-BB84-1F387D5E32FD}"
EndProject
Project("{FAE04EC0-301F-11D3-BF4B-00C04F79EFBC}") = "FundPortfolio.Tests", "FundPortfolio.Tests\FundPortfolio.Tests.csproj", "{3BD57362-ACC8-46B6-8C49-033CF64A24AD}"
EndProject
Project("{FAE04EC0-301F-11D3-BF4B-00C04F79EFBC}") = "FundScraper", "FundScraper\FundScraper.csproj", "{5D035291-2BC0-4362-B874-1BDC056C543F}"
Project("{CC5FD16D-436D-48AD-A40C-5A424C6E3E79}") = "FundPortfolio.Azure", "FundPortfolio.Azure\FundPortfolio.Azure.ccproj", "{BCEFDBAB-41B2-4906-BC3B-22854E3FD212}"
EndProject
Global
	GlobalSection(SolutionConfigurationPlatforms) = preSolution
		Debug|Any CPU = Debug|Any CPU
		Release|Any CPU = Release|Any CPU
	EndGlobalSection
	GlobalSection(ProjectConfigurationPlatforms) = postSolution
		{34DFABD0-61ED-4A5A-BB84-1F387D5E32FD}.Debug|Any CPU.ActiveCfg = Debug|Any CPU
		{34DFABD0-61ED-4A5A-BB84-1F387D5E32FD}.Debug|Any CPU.Build.0 = Debug|Any CPU
		{34DFABD0-61ED-4A5A-BB84-1F387D5E32FD}.Release|Any CPU.ActiveCfg = Release|Any CPU
		{34DFABD0-61ED-4A5A-BB84-1F387D5E32FD}.Release|Any CPU.Build.0 = Release|Any CPU
		{3BD57362-ACC8-46B6-8C49-033CF64A24AD}.Debug|Any CPU.ActiveCfg = Debug|Any CPU
		{3BD57362-ACC8-46B6-8C49-033CF64A24AD}.Debug|Any CPU.Build.0 = Debug|Any CPU
		{3BD57362-ACC8-46B6-8C49-033CF64A24AD}.Release|Any CPU.ActiveCfg = Release|Any CPU
		{3BD57362-ACC8-46B6-8C49-033CF64A24AD}.Release|Any CPU.Build.0 = Release|Any CPU
		{5D035291-2BC0-4362-B874-1BDC056C543F}.Debug|Any CPU.ActiveCfg = Debug|Any CPU
		{5D035291-2BC0-4362-B874-1BDC056C543F}.Debug|Any CPU.Build.0 = Debug|Any CPU
		{5D035291-2BC0-4362-B874-1BDC056C543F}.Release|Any CPU.ActiveCfg = Release|Any CPU
		{5D035291-2BC0-4362-B874-1BDC056C543F}.Release|Any CPU.Build.0 = Release|Any CPU
		{BCEFDBAB-41B2-4906-BC3B-22854E3FD212}.Debug|Any CPU.ActiveCfg = Debug|Any CPU
		{BCEFDBAB-41B2-4906-BC3B-22854E3FD212}.Debug|Any CPU.Build.0 = Debug|Any CPU
		{BCEFDBAB-41B2-4906-BC3B-22854E3FD212}.Release|Any CPU.ActiveCfg = Release|Any CPU
		{BCEFDBAB-41B2-4906-BC3B-22854E3FD212}.Release|Any CPU.Build.0 = Release|Any CPU
	EndGlobalSection
	GlobalSection(SolutionProperties) = preSolution
		HideSolutionNode = FALSE
	EndGlobalSection
EndGlobal
