
Microsoft Visual Studio Solution File, Format Version 12.00
# Visual Studio 2013
VisualStudioVersion = 12.0.31101.0
MinimumVisualStudioVersion = 10.0.40219.1
Project("{FAE04EC0-301F-11D3-BF4B-00C04F79EFBC}") = "FundPortfolio", "FundPortfolio\FundPortfolio.csproj", "{34DFABD0-61ED-4A5A-BB84-1F387D5E32FD}"
EndProject
Project("{FAE04EC0-301F-11D3-BF4B-00C04F79EFBC}") = "FundPortfolio.Tests", "FundPortfolio.Tests\FundPortfolio.Tests.csproj", "{3BD57362-ACC8-46B6-8C49-033CF64A24AD}"
EndProject
Global
	GlobalSection(SolutionConfigurationPlatforms) = preSolution
		Debug|Any CPU = Debug|Any CPU
		Release|Any CPU = Release|Any CPU
	EndGlobalSection
	GlobalSection(ProjectConfigurationPlatforms) = postSolution
		{34DFABD0-61ED-4A5A-BB84-1F387D5E32FD}.Debug|Any CPU.ActiveCfg = Debug|Any CPU
		{34DFABD0-61ED-4A5A-BB84-1F387D5E32FD}.Debug|Any CPU.Build.0 = Debug|Any CPU
		{34DFABD0-61ED-4A5A-BB84-1F387D5E32FD}.Release|Any CPU.ActiveCfg = Release|Any CPU
		{34DFABD0-61ED-4A5A-BB84-1F387D5E32FD}.Release|Any CPU.Build.0 = Release|Any CPU
		{3BD57362-ACC8-46B6-8C49-033CF64A24AD}.Debug|Any CPU.ActiveCfg = Debug|Any CPU
		{3BD57362-ACC8-46B6-8C49-033CF64A24AD}.Debug|Any CPU.Build.0 = Debug|Any CPU
		{3BD57362-ACC8-46B6-8C49-033CF64A24AD}.Release|Any CPU.ActiveCfg = Release|Any CPU
		{3BD57362-ACC8-46B6-8C49-033CF64A24AD}.Release|Any CPU.Build.0 = Release|Any CPU
	EndGlobalSection
	GlobalSection(SolutionProperties) = preSolution
		HideSolutionNode = FALSE
	EndGlobalSection
EndGlobal
